
Microsoft Visual Studio Solution File, Format Version 12.00
# Visual Studio Version 16
VisualStudioVersion = 16.0.30517.126
MinimumVisualStudioVersion = 10.0.40219.1
Project("{9A19103F-16F7-4668-BE54-9A1E7A4F7556}") = "expense-tracker-backend", "expense-tracker-backend\expense-tracker-backend.csproj", "{F755CBB0-9E27-4349-BC88-45ECF4690D41}"
EndProject
Project("{FAE04EC0-301F-11D3-BF4B-00C04F79EFBC}") = "Tests", "Tests\Tests.csproj", "{4AA3DBFD-65A2-4172-B79E-8A4CE04CD58D}"
EndProject
Global
	GlobalSection(SolutionConfigurationPlatforms) = preSolution
		Debug|Any CPU = Debug|Any CPU
		Release|Any CPU = Release|Any CPU
	EndGlobalSection
	GlobalSection(ProjectConfigurationPlatforms) = postSolution
		{F755CBB0-9E27-4349-BC88-45ECF4690D41}.Debug|Any CPU.ActiveCfg = Debug|Any CPU
		{F755CBB0-9E27-4349-BC88-45ECF4690D41}.Debug|Any CPU.Build.0 = Debug|Any CPU
		{F755CBB0-9E27-4349-BC88-45ECF4690D41}.Release|Any CPU.ActiveCfg = Release|Any CPU
		{F755CBB0-9E27-4349-BC88-45ECF4690D41}.Release|Any CPU.Build.0 = Release|Any CPU
		{4AA3DBFD-65A2-4172-B79E-8A4CE04CD58D}.Debug|Any CPU.ActiveCfg = Debug|Any CPU
		{4AA3DBFD-65A2-4172-B79E-8A4CE04CD58D}.Debug|Any CPU.Build.0 = Debug|Any CPU
		{4AA3DBFD-65A2-4172-B79E-8A4CE04CD58D}.Release|Any CPU.ActiveCfg = Release|Any CPU
		{4AA3DBFD-65A2-4172-B79E-8A4CE04CD58D}.Release|Any CPU.Build.0 = Release|Any CPU
	EndGlobalSection
	GlobalSection(SolutionProperties) = preSolution
		HideSolutionNode = FALSE
	EndGlobalSection
	GlobalSection(ExtensibilityGlobals) = postSolution
		SolutionGuid = {A7C3DDBE-41DA-4404-993B-ECFECE0CE3AC}
	EndGlobalSection
EndGlobal
